// !$*UTF8*$!
{
	archiveVersion = 1;
	classes = {
	};
	objectVersion = 50;
	objects = {

/* Begin PBXBuildFile section */
		635CBA7825997EF9006CB56F /* AppDelegate.swift in Sources */ = {isa = PBXBuildFile; fileRef = 635CBA7725997EF9006CB56F /* AppDelegate.swift */; };
		635CBA7A25997EF9006CB56F /* SceneDelegate.swift in Sources */ = {isa = PBXBuildFile; fileRef = 635CBA7925997EF9006CB56F /* SceneDelegate.swift */; };
		635CBA7C25997EF9006CB56F /* ContentView.swift in Sources */ = {isa = PBXBuildFile; fileRef = 635CBA7B25997EF9006CB56F /* ContentView.swift */; };
		635CBA7E25997EFF006CB56F /* Assets.xcassets in Resources */ = {isa = PBXBuildFile; fileRef = 635CBA7D25997EFF006CB56F /* Assets.xcassets */; };
		635CBA8125997EFF006CB56F /* Preview Assets.xcassets in Resources */ = {isa = PBXBuildFile; fileRef = 635CBA8025997EFF006CB56F /* Preview Assets.xcassets */; };
		635CBA8425997EFF006CB56F /* LaunchScreen.storyboard in Resources */ = {isa = PBXBuildFile; fileRef = 635CBA8225997EFF006CB56F /* LaunchScreen.storyboard */; };
		635CBA9225998080006CB56F /* models-message.swift in Sources */ = {isa = PBXBuildFile; fileRef = 635CBA9125998080006CB56F /* models-message.swift */; };
		635CBA942599809E006CB56F /* models-user.swift in Sources */ = {isa = PBXBuildFile; fileRef = 635CBA932599809E006CB56F /* models-user.swift */; };
		635CBA962599847E006CB56F /* views-ContentMessageView.swift in Sources */ = {isa = PBXBuildFile; fileRef = 635CBA952599847E006CB56F /* views-ContentMessageView.swift */; };
		635CBA98259984BA006CB56F /* views-MessageView.swift in Sources */ = {isa = PBXBuildFile; fileRef = 635CBA97259984BA006CB56F /* views-MessageView.swift */; };
		635CBA9C2599850C006CB56F /* views-ChatView.swift in Sources */ = {isa = PBXBuildFile; fileRef = 635CBA9B2599850C006CB56F /* views-ChatView.swift */; };
/* End PBXBuildFile section */

/* Begin PBXFileReference section */
		635CBA7425997EF9006CB56F /* ChatApp.app */ = {isa = PBXFileReference; explicitFileType = wrapper.application; includeInIndex = 0; path = ChatApp.app; sourceTree = BUILT_PRODUCTS_DIR; };
		635CBA7725997EF9006CB56F /* AppDelegate.swift */ = {isa = PBXFileReference; lastKnownFileType = sourcecode.swift; path = AppDelegate.swift; sourceTree = "<group>"; };
		635CBA7925997EF9006CB56F /* SceneDelegate.swift */ = {isa = PBXFileReference; lastKnownFileType = sourcecode.swift; path = SceneDelegate.swift; sourceTree = "<group>"; };
		635CBA7B25997EF9006CB56F /* ContentView.swift */ = {isa = PBXFileReference; lastKnownFileType = sourcecode.swift; path = ContentView.swift; sourceTree = "<group>"; };
		635CBA7D25997EFF006CB56F /* Assets.xcassets */ = {isa = PBXFileReference; lastKnownFileType = folder.assetcatalog; path = Assets.xcassets; sourceTree = "<group>"; };
		635CBA8025997EFF006CB56F /* Preview Assets.xcassets */ = {isa = PBXFileReference; lastKnownFileType = folder.assetcatalog; path = "Preview Assets.xcassets"; sourceTree = "<group>"; };
		635CBA8325997EFF006CB56F /* Base */ = {isa = PBXFileReference; lastKnownFileType = file.storyboard; name = Base; path = Base.lproj/LaunchScreen.storyboard; sourceTree = "<group>"; };
		635CBA8525997EFF006CB56F /* Info.plist */ = {isa = PBXFileReference; lastKnownFileType = text.plist.xml; path = Info.plist; sourceTree = "<group>"; };
		635CBA9125998080006CB56F /* models-message.swift */ = {isa = PBXFileReference; lastKnownFileType = sourcecode.swift; path = "models-message.swift"; sourceTree = "<group>"; };
		635CBA932599809E006CB56F /* models-user.swift */ = {isa = PBXFileReference; lastKnownFileType = sourcecode.swift; path = "models-user.swift"; sourceTree = "<group>"; };
		635CBA952599847E006CB56F /* views-ContentMessageView.swift */ = {isa = PBXFileReference; lastKnownFileType = sourcecode.swift; path = "views-ContentMessageView.swift"; sourceTree = "<group>"; };
		635CBA97259984BA006CB56F /* views-MessageView.swift */ = {isa = PBXFileReference; lastKnownFileType = sourcecode.swift; path = "views-MessageView.swift"; sourceTree = "<group>"; };
		635CBA9B2599850C006CB56F /* views-ChatView.swift */ = {isa = PBXFileReference; lastKnownFileType = sourcecode.swift; path = "views-ChatView.swift"; sourceTree = "<group>"; };
/* End PBXFileReference section */

/* Begin PBXFrameworksBuildPhase section */
		635CBA7125997EF9006CB56F /* Frameworks */ = {
			isa = PBXFrameworksBuildPhase;
			buildActionMask = 2147483647;
			files = (
			);
			runOnlyForDeploymentPostprocessing = 0;
		};
/* End PBXFrameworksBuildPhase section */

/* Begin PBXGroup section */
		635CBA6B25997EF9006CB56F = {
			isa = PBXGroup;
			children = (
				635CBA7625997EF9006CB56F /* ChatApp */,
				635CBA7525997EF9006CB56F /* Products */,
			);
			sourceTree = "<group>";
		};
		635CBA7525997EF9006CB56F /* Products */ = {
			isa = PBXGroup;
			children = (
				635CBA7425997EF9006CB56F /* ChatApp.app */,
			);
			name = Products;
			sourceTree = "<group>";
		};
		635CBA7625997EF9006CB56F /* ChatApp */ = {
			isa = PBXGroup;
			children = (
				635CBA7725997EF9006CB56F /* AppDelegate.swift */,
				635CBA7925997EF9006CB56F /* SceneDelegate.swift */,
				635CBA7B25997EF9006CB56F /* ContentView.swift */,
				635CBA7D25997EFF006CB56F /* Assets.xcassets */,
				635CBA8225997EFF006CB56F /* LaunchScreen.storyboard */,
				635CBA8525997EFF006CB56F /* Info.plist */,
				635CBA7F25997EFF006CB56F /* Preview Content */,
				635CBA9125998080006CB56F /* models-message.swift */,
				635CBA932599809E006CB56F /* models-user.swift */,
				635CBA952599847E006CB56F /* views-ContentMessageView.swift */,
				635CBA97259984BA006CB56F /* views-MessageView.swift */,
				635CBA9B2599850C006CB56F /* views-ChatView.swift */,
			);
			path = ChatApp;
			sourceTree = "<group>";
		};
		635CBA7F25997EFF006CB56F /* Preview Content */ = {
			isa = PBXGroup;
			children = (
				635CBA8025997EFF006CB56F /* Preview Assets.xcassets */,
			);
			path = "Preview Content";
			sourceTree = "<group>";
		};
/* End PBXGroup section */

/* Begin PBXNativeTarget section */
		635CBA7325997EF9006CB56F /* ChatApp */ = {
			isa = PBXNativeTarget;
			buildConfigurationList = 635CBA8825997EFF006CB56F /* Build configuration list for PBXNativeTarget "ChatApp" */;
			buildPhases = (
				635CBA7025997EF9006CB56F /* Sources */,
				635CBA7125997EF9006CB56F /* Frameworks */,
				635CBA7225997EF9006CB56F /* Resources */,
			);
			buildRules = (
			);
			dependencies = (
			);
			name = ChatApp;
			productName = ChatApp;
			productReference = 635CBA7425997EF9006CB56F /* ChatApp.app */;
			productType = "com.apple.product-type.application";
		};
/* End PBXNativeTarget section */

/* Begin PBXProject section */
		635CBA6C25997EF9006CB56F /* Project object */ = {
			isa = PBXProject;
			attributes = {
				LastSwiftUpdateCheck = 1110;
				LastUpgradeCheck = 1110;
				ORGANIZATIONNAME = NguyenCaoThiem;
				TargetAttributes = {
					635CBA7325997EF9006CB56F = {
						CreatedOnToolsVersion = 11.1;
					};
				};
			};
			buildConfigurationList = 635CBA6F25997EF9006CB56F /* Build configuration list for PBXProject "ChatApp" */;
			compatibilityVersion = "Xcode 9.3";
			developmentRegion = en;
			hasScannedForEncodings = 0;
			knownRegions = (
				en,
				Base,
			);
			mainGroup = 635CBA6B25997EF9006CB56F;
			productRefGroup = 635CBA7525997EF9006CB56F /* Products */;
			projectDirPath = "";
			projectRoot = "";
			targets = (
				635CBA7325997EF9006CB56F /* ChatApp */,
			);
		};
/* End PBXProject section */

/* Begin PBXResourcesBuildPhase section */
		635CBA7225997EF9006CB56F /* Resources */ = {
			isa = PBXResourcesBuildPhase;
			buildActionMask = 2147483647;
			files = (
				635CBA8425997EFF006CB56F /* LaunchScreen.storyboard in Resources */,
				635CBA8125997EFF006CB56F /* Preview Assets.xcassets in Resources */,
				635CBA7E25997EFF006CB56F /* Assets.xcassets in Resources */,
			);
			runOnlyForDeploymentPostprocessing = 0;
		};
/* End PBXResourcesBuildPhase section */

/* Begin PBXSourcesBuildPhase section */
		635CBA7025997EF9006CB56F /* Sources */ = {
			isa = PBXSourcesBuildPhase;
			buildActionMask = 2147483647;
			files = (
				635CBA9225998080006CB56F /* models-message.swift in Sources */,
				635CBA7825997EF9006CB56F /* AppDelegate.swift in Sources */,
				635CBA7A25997EF9006CB56F /* SceneDelegate.swift in Sources */,
				635CBA942599809E006CB56F /* models-user.swift in Sources */,
				635CBA7C25997EF9006CB56F /* ContentView.swift in Sources */,
				635CBA9C2599850C006CB56F /* views-ChatView.swift in Sources */,
				635CBA962599847E006CB56F /* views-ContentMessageView.swift in Sources */,
				635CBA98259984BA006CB56F /* views-MessageView.swift in Sources */,
			);
			runOnlyForDeploymentPostprocessing = 0;
		};
/* End PBXSourcesBuildPhase section */

/* Begin PBXVariantGroup section */
		635CBA8225997EFF006CB56F /* LaunchScreen.storyboard */ = {
			isa = PBXVariantGroup;
			children = (
				635CBA8325997EFF006CB56F /* Base */,
			);
			name = LaunchScreen.storyboard;
			sourceTree = "<group>";
		};
/* End PBXVariantGroup section */

/* Begin XCBuildConfiguration section */
		635CBA8625997EFF006CB56F /* Debug */ = {
			isa = XCBuildConfiguration;
			buildSettings = {
				ALWAYS_SEARCH_USER_PATHS = NO;
				CLANG_ANALYZER_NONNULL = YES;
				CLANG_ANALYZER_NUMBER_OBJECT_CONVERSION = YES_AGGRESSIVE;
				CLANG_CXX_LANGUAGE_STANDARD = "gnu++14";
				CLANG_CXX_LIBRARY = "libc++";
				CLANG_ENABLE_MODULES = YES;
				CLANG_ENABLE_OBJC_ARC = YES;
				CLANG_ENABLE_OBJC_WEAK = YES;
				CLANG_WARN_BLOCK_CAPTURE_AUTORELEASING = YES;
				CLANG_WARN_BOOL_CONVERSION = YES;
				CLANG_WARN_COMMA = YES;
				CLANG_WARN_CONSTANT_CONVERSION = YES;
				CLANG_WARN_DEPRECATED_OBJC_IMPLEMENTATIONS = YES;
				CLANG_WARN_DIRECT_OBJC_ISA_USAGE = YES_ERROR;
				CLANG_WARN_DOCUMENTATION_COMMENTS = YES;
				CLANG_WARN_EMPTY_BODY = YES;
				CLANG_WARN_ENUM_CONVERSION = YES;
				CLANG_WARN_INFINITE_RECURSION = YES;
				CLANG_WARN_INT_CONVERSION = YES;
				CLANG_WARN_NON_LITERAL_NULL_CONVERSION = YES;
				CLANG_WARN_OBJC_IMPLICIT_RETAIN_SELF = YES;
				CLANG_WARN_OBJC_LITERAL_CONVERSION = YES;
				CLANG_WARN_OBJC_ROOT_CLASS = YES_ERROR;
				CLANG_WARN_RANGE_LOOP_ANALYSIS = YES;
				CLANG_WARN_STRICT_PROTOTYPES = YES;
				CLANG_WARN_SUSPICIOUS_MOVE = YES;
				CLANG_WARN_UNGUARDED_AVAILABILITY = YES_AGGRESSIVE;
				CLANG_WARN_UNREACHABLE_CODE = YES;
				CLANG_WARN__DUPLICATE_METHOD_MATCH = YES;
				COPY_PHASE_STRIP = NO;
				DEBUG_INFORMATION_FORMAT = dwarf;
				ENABLE_STRICT_OBJC_MSGSEND = YES;
				ENABLE_TESTABILITY = YES;
				GCC_C_LANGUAGE_STANDARD = gnu11;
				GCC_DYNAMIC_NO_PIC = NO;
				GCC_NO_COMMON_BLOCKS = YES;
				GCC_OPTIMIZATION_LEVEL = 0;
				GCC_PREPROCESSOR_DEFINITIONS = (
					"DEBUG=1",
					"$(inherited)",
				);
				GCC_WARN_64_TO_32_BIT_CONVERSION = YES;
				GCC_WARN_ABOUT_RETURN_TYPE = YES_ERROR;
				GCC_WARN_UNDECLARED_SELECTOR = YES;
				GCC_WARN_UNINITIALIZED_AUTOS = YES_AGGRESSIVE;
				GCC_WARN_UNUSED_FUNCTION = YES;
				GCC_WARN_UNUSED_VARIABLE = YES;
				IPHONEOS_DEPLOYMENT_TARGET = 13.1;
				MTL_ENABLE_DEBUG_INFO = INCLUDE_SOURCE;
				MTL_FAST_MATH = YES;
				ONLY_ACTIVE_ARCH = YES;
				SDKROOT = iphoneos;
				SWIFT_ACTIVE_COMPILATION_CONDITIONS = DEBUG;
				SWIFT_OPTIMIZATION_LEVEL = "-Onone";
			};
			name = Debug;
		};
		635CBA8725997EFF006CB56F /* Release */ = {
			isa = XCBuildConfiguration;
			buildSettings = {
				ALWAYS_SEARCH_USER_PATHS = NO;
				CLANG_ANALYZER_NONNULL = YES;
				CLANG_ANALYZER_NUMBER_OBJECT_CONVERSION = YES_AGGRESSIVE;
				CLANG_CXX_LANGUAGE_STANDARD = "gnu++14";
				CLANG_CXX_LIBRARY = "libc++";
				CLANG_ENABLE_MODULES = YES;
				CLANG_ENABLE_OBJC_ARC = YES;
				CLANG_ENABLE_OBJC_WEAK = YES;
				CLANG_WARN_BLOCK_CAPTURE_AUTORELEASING = YES;
				CLANG_WARN_BOOL_CONVERSION = YES;
				CLANG_WARN_COMMA = YES;
				CLANG_WARN_CONSTANT_CONVERSION = YES;
				CLANG_WARN_DEPRECATED_OBJC_IMPLEMENTATIONS = YES;
				CLANG_WARN_DIRECT_OBJC_ISA_USAGE = YES_ERROR;
				CLANG_WARN_DOCUMENTATION_COMMENTS = YES;
				CLANG_WARN_EMPTY_BODY = YES;
				CLANG_WARN_ENUM_CONVERSION = YES;
				CLANG_WARN_INFINITE_RECURSION = YES;
				CLANG_WARN_INT_CONVERSION = YES;
				CLANG_WARN_NON_LITERAL_NULL_CONVERSION = YES;
				CLANG_WARN_OBJC_IMPLICIT_RETAIN_SELF = YES;
				CLANG_WARN_OBJC_LITERAL_CONVERSION = YES;
				CLANG_WARN_OBJC_ROOT_CLASS = YES_ERROR;
				CLANG_WARN_RANGE_LOOP_ANALYSIS = YES;
				CLANG_WARN_STRICT_PROTOTYPES = YES;
				CLANG_WARN_SUSPICIOUS_MOVE = YES;
				CLANG_WARN_UNGUARDED_AVAILABILITY = YES_AGGRESSIVE;
				CLANG_WARN_UNREACHABLE_CODE = YES;
				CLANG_WARN__DUPLICATE_METHOD_MATCH = YES;
				COPY_PHASE_STRIP = NO;
				DEBUG_INFORMATION_FORMAT = "dwarf-with-dsym";
				ENABLE_NS_ASSERTIONS = NO;
				ENABLE_STRICT_OBJC_MSGSEND = YES;
				GCC_C_LANGUAGE_STANDARD = gnu11;
				GCC_NO_COMMON_BLOCKS = YES;
				GCC_WARN_64_TO_32_BIT_CONVERSION = YES;
				GCC_WARN_ABOUT_RETURN_TYPE = YES_ERROR;
				GCC_WARN_UNDECLARED_SELECTOR = YES;
				GCC_WARN_UNINITIALIZED_AUTOS = YES_AGGRESSIVE;
				GCC_WARN_UNUSED_FUNCTION = YES;
				GCC_WARN_UNUSED_VARIABLE = YES;
				IPHONEOS_DEPLOYMENT_TARGET = 13.1;
				MTL_ENABLE_DEBUG_INFO = NO;
				MTL_FAST_MATH = YES;
				SDKROOT = iphoneos;
				SWIFT_COMPILATION_MODE = wholemodule;
				SWIFT_OPTIMIZATION_LEVEL = "-O";
				VALIDATE_PRODUCT = YES;
			};
			name = Release;
		};
		635CBA8925997EFF006CB56F /* Debug */ = {
			isa = XCBuildConfiguration;
			buildSettings = {
				ASSETCATALOG_COMPILER_APPICON_NAME = AppIcon;
				CODE_SIGN_STYLE = Automatic;
				DEVELOPMENT_ASSET_PATHS = "\"ChatApp/Preview Content\"";
				ENABLE_PREVIEWS = YES;
				INFOPLIST_FILE = ChatApp/Info.plist;
				LD_RUNPATH_SEARCH_PATHS = (
					"$(inherited)",
					"@executable_path/Frameworks",
				);
				PRODUCT_BUNDLE_IDENTIFIER = jasonT.ChatApp;
				PRODUCT_NAME = "$(TARGET_NAME)";
				SWIFT_VERSION = 5.0;
				TARGETED_DEVICE_FAMILY = "1,2";
			};
			name = Debug;
		};
		635CBA8A25997EFF006CB56F /* Release */ = {
			isa = XCBuildConfiguration;
			buildSettings = {
				ASSETCATALOG_COMPILER_APPICON_NAME = AppIcon;
				CODE_SIGN_STYLE = Automatic;
				DEVELOPMENT_ASSET_PATHS = "\"ChatApp/Preview Content\"";
				ENABLE_PREVIEWS = YES;
				INFOPLIST_FILE = ChatApp/Info.plist;
				LD_RUNPATH_SEARCH_PATHS = (
					"$(inherited)",
					"@executable_path/Frameworks",
				);
				PRODUCT_BUNDLE_IDENTIFIER = jasonT.ChatApp;
				PRODUCT_NAME = "$(TARGET_NAME)";
				SWIFT_VERSION = 5.0;
				TARGETED_DEVICE_FAMILY = "1,2";
			};
			name = Release;
		};
/* End XCBuildConfiguration section */

/* Begin XCConfigurationList section */
		635CBA6F25997EF9006CB56F /* Build configuration list for PBXProject "ChatApp" */ = {
			isa = XCConfigurationList;
			buildConfigurations = (
				635CBA8625997EFF006CB56F /* Debug */,
				635CBA8725997EFF006CB56F /* Release */,
			);
			defaultConfigurationIsVisible = 0;
			defaultConfigurationName = Release;
		};
		635CBA8825997EFF006CB56F /* Build configuration list for PBXNativeTarget "ChatApp" */ = {
			isa = XCConfigurationList;
			buildConfigurations = (
				635CBA8925997EFF006CB56F /* Debug */,
				635CBA8A25997EFF006CB56F /* Release */,
			);
			defaultConfigurationIsVisible = 0;
			defaultConfigurationName = Release;
		};
/* End XCConfigurationList section */
	};
	rootObject = 635CBA6C25997EF9006CB56F /* Project object */;
}
